// !$*UTF8*$!
{
	archiveVersion = 1;
	classes = {
	};
	objectVersion = 48;
	objects = {

/* Begin PBXBuildFile section */
		964E0B61208B9281001328FF /* MaterialX.framework in Frameworks */ = {isa = PBXBuildFile; fileRef = 964E0B57208B9280001328FF /* MaterialX.framework */; };
		964E0B79208B9371001328FF /* MaterialXTests.swift in Sources */ = {isa = PBXBuildFile; fileRef = 964E0B77208B9371001328FF /* MaterialXTests.swift */; };
		965BBDBA208B958200AC4ED5 /* MaterialX.framework in Frameworks */ = {isa = PBXBuildFile; fileRef = 965BBDB1208B958100AC4ED5 /* MaterialX.framework */; };
		965BBE0B208B9A1200AC4ED5 /* MaterialX.swift in Sources */ = {isa = PBXBuildFile; fileRef = 965BBE0A208B9A1200AC4ED5 /* MaterialX.swift */; };
		965BBE0C208B9A1200AC4ED5 /* MaterialX.swift in Sources */ = {isa = PBXBuildFile; fileRef = 965BBE0A208B9A1200AC4ED5 /* MaterialX.swift */; };
		965BBE0E208B9B1D00AC4ED5 /* JSON.swift in Sources */ = {isa = PBXBuildFile; fileRef = 965BBE0D208B9B1D00AC4ED5 /* JSON.swift */; };
		965BBE0F208B9B1D00AC4ED5 /* JSON.swift in Sources */ = {isa = PBXBuildFile; fileRef = 965BBE0D208B9B1D00AC4ED5 /* JSON.swift */; };
		965BBE10208B9C5100AC4ED5 /* MaterialX.h in Headers */ = {isa = PBXBuildFile; fileRef = 964E0B72208B9364001328FF /* MaterialX.h */; settings = {ATTRIBUTES = (Public, ); }; };
		965BBE11208B9C5500AC4ED5 /* MaterialX.h in Headers */ = {isa = PBXBuildFile; fileRef = 964E0B72208B9364001328FF /* MaterialX.h */; settings = {ATTRIBUTES = (Public, ); }; };
		965BBE12208B9C8200AC4ED5 /* MaterialX.swift in Headers */ = {isa = PBXBuildFile; fileRef = 965BBE0A208B9A1200AC4ED5 /* MaterialX.swift */; settings = {ATTRIBUTES = (Public, ); }; };
		965BBE13208B9C8200AC4ED5 /* JSON.swift in Headers */ = {isa = PBXBuildFile; fileRef = 965BBE0D208B9B1D00AC4ED5 /* JSON.swift */; settings = {ATTRIBUTES = (Public, ); }; };
/* End PBXBuildFile section */

/* Begin PBXContainerItemProxy section */
		964E0B62208B9281001328FF /* PBXContainerItemProxy */ = {
			isa = PBXContainerItemProxy;
			containerPortal = 964E0B4E208B9280001328FF /* Project object */;
			proxyType = 1;
			remoteGlobalIDString = 964E0B56208B9280001328FF;
			remoteInfo = Flux;
		};
		965BBDBB208B958200AC4ED5 /* PBXContainerItemProxy */ = {
			isa = PBXContainerItemProxy;
			containerPortal = 964E0B4E208B9280001328FF /* Project object */;
			proxyType = 1;
			remoteGlobalIDString = 965BBDB0208B958100AC4ED5;
			remoteInfo = Flux;
		};
/* End PBXContainerItemProxy section */

/* Begin PBXFileReference section */
		964E0B57208B9280001328FF /* MaterialX.framework */ = {isa = PBXFileReference; explicitFileType = wrapper.framework; includeInIndex = 0; path = MaterialX.framework; sourceTree = BUILT_PRODUCTS_DIR; };
		964E0B60208B9281001328FF /* MaterialX iOS Tests.xctest */ = {isa = PBXFileReference; explicitFileType = wrapper.cfbundle; includeInIndex = 0; path = "MaterialX iOS Tests.xctest"; sourceTree = BUILT_PRODUCTS_DIR; };
		964E0B72208B9364001328FF /* MaterialX.h */ = {isa = PBXFileReference; fileEncoding = 4; lastKnownFileType = sourcecode.c.h; path = MaterialX.h; sourceTree = "<group>"; };
		964E0B73208B9364001328FF /* Info.plist */ = {isa = PBXFileReference; fileEncoding = 4; lastKnownFileType = text.plist.xml; path = Info.plist; sourceTree = "<group>"; };
		964E0B77208B9371001328FF /* MaterialXTests.swift */ = {isa = PBXFileReference; fileEncoding = 4; lastKnownFileType = sourcecode.swift; path = MaterialXTests.swift; sourceTree = "<group>"; };
		964E0B78208B9371001328FF /* Info.plist */ = {isa = PBXFileReference; fileEncoding = 4; lastKnownFileType = text.plist.xml; path = Info.plist; sourceTree = "<group>"; };
		965BBDAB208B955000AC4ED5 /* LICENSE */ = {isa = PBXFileReference; lastKnownFileType = text; path = LICENSE; sourceTree = "<group>"; };
		965BBDB1208B958100AC4ED5 /* MaterialX.framework */ = {isa = PBXFileReference; explicitFileType = wrapper.framework; includeInIndex = 0; path = MaterialX.framework; sourceTree = BUILT_PRODUCTS_DIR; };
		965BBDB9208B958200AC4ED5 /* MaterialX macOS Tests.xctest */ = {isa = PBXFileReference; explicitFileType = wrapper.cfbundle; includeInIndex = 0; path = "MaterialX macOS Tests.xctest"; sourceTree = BUILT_PRODUCTS_DIR; };
		965BBE0A208B9A1200AC4ED5 /* MaterialX.swift */ = {isa = PBXFileReference; lastKnownFileType = sourcecode.swift; path = MaterialX.swift; sourceTree = "<group>"; };
		965BBE0D208B9B1D00AC4ED5 /* JSON.swift */ = {isa = PBXFileReference; lastKnownFileType = sourcecode.swift; path = JSON.swift; sourceTree = "<group>"; };
/* End PBXFileReference section */

/* Begin PBXFrameworksBuildPhase section */
		964E0B53208B9280001328FF /* Frameworks */ = {
			isa = PBXFrameworksBuildPhase;
			buildActionMask = 2147483647;
			files = (
			);
			runOnlyForDeploymentPostprocessing = 0;
		};
		964E0B5D208B9281001328FF /* Frameworks */ = {
			isa = PBXFrameworksBuildPhase;
			buildActionMask = 2147483647;
			files = (
				964E0B61208B9281001328FF /* MaterialX.framework in Frameworks */,
			);
			runOnlyForDeploymentPostprocessing = 0;
		};
		965BBDAD208B958100AC4ED5 /* Frameworks */ = {
			isa = PBXFrameworksBuildPhase;
			buildActionMask = 2147483647;
			files = (
			);
			runOnlyForDeploymentPostprocessing = 0;
		};
		965BBDB6208B958200AC4ED5 /* Frameworks */ = {
			isa = PBXFrameworksBuildPhase;
			buildActionMask = 2147483647;
			files = (
				965BBDBA208B958200AC4ED5 /* MaterialX.framework in Frameworks */,
			);
			runOnlyForDeploymentPostprocessing = 0;
		};
/* End PBXFrameworksBuildPhase section */

/* Begin PBXGroup section */
		964E0B4D208B9280001328FF = {
			isa = PBXGroup;
			children = (
				964E0B71208B9364001328FF /* Sources */,
				964E0B76208B9371001328FF /* Tests */,
				964E0B58208B9280001328FF /* Products */,
			);
			sourceTree = "<group>";
		};
		964E0B58208B9280001328FF /* Products */ = {
			isa = PBXGroup;
			children = (
				964E0B57208B9280001328FF /* MaterialX.framework */,
				964E0B60208B9281001328FF /* MaterialX iOS Tests.xctest */,
				965BBDB1208B958100AC4ED5 /* MaterialX.framework */,
				965BBDB9208B958200AC4ED5 /* MaterialX macOS Tests.xctest */,
			);
			name = Products;
			sourceTree = "<group>";
		};
		964E0B71208B9364001328FF /* Sources */ = {
			isa = PBXGroup;
			children = (
				965BBDAB208B955000AC4ED5 /* LICENSE */,
				964E0B73208B9364001328FF /* Info.plist */,
				964E0B72208B9364001328FF /* MaterialX.h */,
				965BBE0A208B9A1200AC4ED5 /* MaterialX.swift */,
				965BBE0D208B9B1D00AC4ED5 /* JSON.swift */,
			);
			path = Sources;
			sourceTree = "<group>";
		};
		964E0B76208B9371001328FF /* Tests */ = {
			isa = PBXGroup;
			children = (
				964E0B78208B9371001328FF /* Info.plist */,
				964E0B77208B9371001328FF /* MaterialXTests.swift */,
			);
			path = Tests;
			sourceTree = "<group>";
		};
/* End PBXGroup section */

/* Begin PBXHeadersBuildPhase section */
		964E0B54208B9280001328FF /* Headers */ = {
			isa = PBXHeadersBuildPhase;
			buildActionMask = 2147483647;
			files = (
				965BBE11208B9C5500AC4ED5 /* MaterialX.h in Headers */,
				965BBE12208B9C8200AC4ED5 /* MaterialX.swift in Headers */,
				965BBE13208B9C8200AC4ED5 /* JSON.swift in Headers */,
			);
			runOnlyForDeploymentPostprocessing = 0;
		};
		965BBDAE208B958100AC4ED5 /* Headers */ = {
			isa = PBXHeadersBuildPhase;
			buildActionMask = 2147483647;
			files = (
				965BBE10208B9C5100AC4ED5 /* MaterialX.h in Headers */,
			);
			runOnlyForDeploymentPostprocessing = 0;
		};
/* End PBXHeadersBuildPhase section */

/* Begin PBXNativeTarget section */
		964E0B56208B9280001328FF /* MaterialX iOS */ = {
			isa = PBXNativeTarget;
			buildConfigurationList = 964E0B6B208B9281001328FF /* Build configuration list for PBXNativeTarget "MaterialX iOS" */;
			buildPhases = (
				964E0B52208B9280001328FF /* Sources */,
				964E0B53208B9280001328FF /* Frameworks */,
				964E0B54208B9280001328FF /* Headers */,
				964E0B55208B9280001328FF /* Resources */,
			);
			buildRules = (
			);
			dependencies = (
			);
			name = "MaterialX iOS";
			productName = Flux;
			productReference = 964E0B57208B9280001328FF /* MaterialX.framework */;
			productType = "com.apple.product-type.framework";
		};
		964E0B5F208B9281001328FF /* MaterialX iOS Tests */ = {
			isa = PBXNativeTarget;
			buildConfigurationList = 964E0B6E208B9281001328FF /* Build configuration list for PBXNativeTarget "MaterialX iOS Tests" */;
			buildPhases = (
				964E0B5C208B9281001328FF /* Sources */,
				964E0B5D208B9281001328FF /* Frameworks */,
				964E0B5E208B9281001328FF /* Resources */,
			);
			buildRules = (
			);
			dependencies = (
				964E0B63208B9281001328FF /* PBXTargetDependency */,
			);
			name = "MaterialX iOS Tests";
			productName = FluxTests;
			productReference = 964E0B60208B9281001328FF /* MaterialX iOS Tests.xctest */;
			productType = "com.apple.product-type.bundle.unit-test";
		};
		965BBDB0208B958100AC4ED5 /* MaterialX macOS */ = {
			isa = PBXNativeTarget;
			buildConfigurationList = 965BBDC2208B958200AC4ED5 /* Build configuration list for PBXNativeTarget "MaterialX macOS" */;
			buildPhases = (
				965BBDAC208B958100AC4ED5 /* Sources */,
				965BBDAD208B958100AC4ED5 /* Frameworks */,
				965BBDAE208B958100AC4ED5 /* Headers */,
				965BBDAF208B958100AC4ED5 /* Resources */,
			);
			buildRules = (
			);
			dependencies = (
			);
			name = "MaterialX macOS";
			productName = Flux;
			productReference = 965BBDB1208B958100AC4ED5 /* MaterialX.framework */;
			productType = "com.apple.product-type.framework";
		};
		965BBDB8208B958200AC4ED5 /* MaterialX macOS Tests */ = {
			isa = PBXNativeTarget;
			buildConfigurationList = 965BBDC5208B958200AC4ED5 /* Build configuration list for PBXNativeTarget "MaterialX macOS Tests" */;
			buildPhases = (
				965BBDB5208B958200AC4ED5 /* Sources */,
				965BBDB6208B958200AC4ED5 /* Frameworks */,
				965BBDB7208B958200AC4ED5 /* Resources */,
			);
			buildRules = (
			);
			dependencies = (
				965BBDBC208B958200AC4ED5 /* PBXTargetDependency */,
			);
			name = "MaterialX macOS Tests";
			productName = FluxTests;
			productReference = 965BBDB9208B958200AC4ED5 /* MaterialX macOS Tests.xctest */;
			productType = "com.apple.product-type.bundle.unit-test";
		};
/* End PBXNativeTarget section */

/* Begin PBXProject section */
		964E0B4E208B9280001328FF /* Project object */ = {
			isa = PBXProject;
			attributes = {
				LastSwiftUpdateCheck = 0920;
				LastUpgradeCheck = 0920;
				ORGANIZATIONNAME = CosmicMind;
				TargetAttributes = {
					964E0B56208B9280001328FF = {
						CreatedOnToolsVersion = 9.2;
						LastSwiftMigration = 0920;
						ProvisioningStyle = Automatic;
					};
					964E0B5F208B9281001328FF = {
						CreatedOnToolsVersion = 9.2;
						ProvisioningStyle = Automatic;
					};
					965BBDB0208B958100AC4ED5 = {
						CreatedOnToolsVersion = 9.2;
						LastSwiftMigration = 0920;
						ProvisioningStyle = Automatic;
					};
					965BBDB8208B958200AC4ED5 = {
						CreatedOnToolsVersion = 9.2;
						ProvisioningStyle = Automatic;
					};
				};
			};
			buildConfigurationList = 964E0B51208B9280001328FF /* Build configuration list for PBXProject "MaterialX" */;
			compatibilityVersion = "Xcode 8.0";
			developmentRegion = en;
			hasScannedForEncodings = 0;
			knownRegions = (
				en,
			);
			mainGroup = 964E0B4D208B9280001328FF;
			productRefGroup = 964E0B58208B9280001328FF /* Products */;
			projectDirPath = "";
			projectRoot = "";
			targets = (
				964E0B56208B9280001328FF /* MaterialX iOS */,
				965BBDB0208B958100AC4ED5 /* MaterialX macOS */,
				964E0B5F208B9281001328FF /* MaterialX iOS Tests */,
				965BBDB8208B958200AC4ED5 /* MaterialX macOS Tests */,
			);
		};
/* End PBXProject section */

/* Begin PBXResourcesBuildPhase section */
		964E0B55208B9280001328FF /* Resources */ = {
			isa = PBXResourcesBuildPhase;
			buildActionMask = 2147483647;
			files = (
			);
			runOnlyForDeploymentPostprocessing = 0;
		};
		964E0B5E208B9281001328FF /* Resources */ = {
			isa = PBXResourcesBuildPhase;
			buildActionMask = 2147483647;
			files = (
			);
			runOnlyForDeploymentPostprocessing = 0;
		};
		965BBDAF208B958100AC4ED5 /* Resources */ = {
			isa = PBXResourcesBuildPhase;
			buildActionMask = 2147483647;
			files = (
			);
			runOnlyForDeploymentPostprocessing = 0;
		};
		965BBDB7208B958200AC4ED5 /* Resources */ = {
			isa = PBXResourcesBuildPhase;
			buildActionMask = 2147483647;
			files = (
			);
			runOnlyForDeploymentPostprocessing = 0;
		};
/* End PBXResourcesBuildPhase section */

/* Begin PBXSourcesBuildPhase section */
		964E0B52208B9280001328FF /* Sources */ = {
			isa = PBXSourcesBuildPhase;
			buildActionMask = 2147483647;
			files = (
				965BBE0B208B9A1200AC4ED5 /* MaterialX.swift in Sources */,
				965BBE0E208B9B1D00AC4ED5 /* JSON.swift in Sources */,
			);
			runOnlyForDeploymentPostprocessing = 0;
		};
		964E0B5C208B9281001328FF /* Sources */ = {
			isa = PBXSourcesBuildPhase;
			buildActionMask = 2147483647;
			files = (
				964E0B79208B9371001328FF /* MaterialXTests.swift in Sources */,
			);
			runOnlyForDeploymentPostprocessing = 0;
		};
		965BBDAC208B958100AC4ED5 /* Sources */ = {
			isa = PBXSourcesBuildPhase;
			buildActionMask = 2147483647;
			files = (
				965BBE0C208B9A1200AC4ED5 /* MaterialX.swift in Sources */,
				965BBE0F208B9B1D00AC4ED5 /* JSON.swift in Sources */,
			);
			runOnlyForDeploymentPostprocessing = 0;
		};
		965BBDB5208B958200AC4ED5 /* Sources */ = {
			isa = PBXSourcesBuildPhase;
			buildActionMask = 2147483647;
			files = (
			);
			runOnlyForDeploymentPostprocessing = 0;
		};
/* End PBXSourcesBuildPhase section */

/* Begin PBXTargetDependency section */
		964E0B63208B9281001328FF /* PBXTargetDependency */ = {
			isa = PBXTargetDependency;
			target = 964E0B56208B9280001328FF /* MaterialX iOS */;
			targetProxy = 964E0B62208B9281001328FF /* PBXContainerItemProxy */;
		};
		965BBDBC208B958200AC4ED5 /* PBXTargetDependency */ = {
			isa = PBXTargetDependency;
			target = 965BBDB0208B958100AC4ED5 /* MaterialX macOS */;
			targetProxy = 965BBDBB208B958200AC4ED5 /* PBXContainerItemProxy */;
		};
/* End PBXTargetDependency section */

/* Begin XCBuildConfiguration section */
		964E0B69208B9281001328FF /* Debug */ = {
			isa = XCBuildConfiguration;
			buildSettings = {
				ALWAYS_SEARCH_USER_PATHS = NO;
				CLANG_ANALYZER_NONNULL = YES;
				CLANG_ANALYZER_NUMBER_OBJECT_CONVERSION = YES_AGGRESSIVE;
				CLANG_CXX_LANGUAGE_STANDARD = "gnu++14";
				CLANG_CXX_LIBRARY = "libc++";
				CLANG_ENABLE_MODULES = YES;
				CLANG_ENABLE_OBJC_ARC = YES;
				CLANG_WARN_BLOCK_CAPTURE_AUTORELEASING = YES;
				CLANG_WARN_BOOL_CONVERSION = YES;
				CLANG_WARN_COMMA = YES;
				CLANG_WARN_CONSTANT_CONVERSION = YES;
				CLANG_WARN_DIRECT_OBJC_ISA_USAGE = YES_ERROR;
				CLANG_WARN_DOCUMENTATION_COMMENTS = YES;
				CLANG_WARN_EMPTY_BODY = YES;
				CLANG_WARN_ENUM_CONVERSION = YES;
				CLANG_WARN_INFINITE_RECURSION = YES;
				CLANG_WARN_INT_CONVERSION = YES;
				CLANG_WARN_NON_LITERAL_NULL_CONVERSION = YES;
				CLANG_WARN_OBJC_LITERAL_CONVERSION = YES;
				CLANG_WARN_OBJC_ROOT_CLASS = YES_ERROR;
				CLANG_WARN_RANGE_LOOP_ANALYSIS = YES;
				CLANG_WARN_STRICT_PROTOTYPES = YES;
				CLANG_WARN_SUSPICIOUS_MOVE = YES;
				CLANG_WARN_UNGUARDED_AVAILABILITY = YES_AGGRESSIVE;
				CLANG_WARN_UNREACHABLE_CODE = YES;
				CLANG_WARN__DUPLICATE_METHOD_MATCH = YES;
				CODE_SIGN_IDENTITY = "iPhone Developer";
				COPY_PHASE_STRIP = NO;
				CURRENT_PROJECT_VERSION = 1;
				DEBUG_INFORMATION_FORMAT = dwarf;
				ENABLE_STRICT_OBJC_MSGSEND = YES;
				ENABLE_TESTABILITY = YES;
				GCC_C_LANGUAGE_STANDARD = gnu11;
				GCC_DYNAMIC_NO_PIC = NO;
				GCC_NO_COMMON_BLOCKS = YES;
				GCC_OPTIMIZATION_LEVEL = 0;
				GCC_PREPROCESSOR_DEFINITIONS = (
					"DEBUG=1",
					"$(inherited)",
				);
				GCC_WARN_64_TO_32_BIT_CONVERSION = YES;
				GCC_WARN_ABOUT_RETURN_TYPE = YES_ERROR;
				GCC_WARN_UNDECLARED_SELECTOR = YES;
				GCC_WARN_UNINITIALIZED_AUTOS = YES_AGGRESSIVE;
				GCC_WARN_UNUSED_FUNCTION = YES;
				GCC_WARN_UNUSED_VARIABLE = YES;
				IPHONEOS_DEPLOYMENT_TARGET = 11.2;
				MTL_ENABLE_DEBUG_INFO = YES;
				ONLY_ACTIVE_ARCH = YES;
				SDKROOT = iphoneos;
				SWIFT_ACTIVE_COMPILATION_CONDITIONS = DEBUG;
				SWIFT_OPTIMIZATION_LEVEL = "-Onone";
				VERSIONING_SYSTEM = "apple-generic";
				VERSION_INFO_PREFIX = "";
			};
			name = Debug;
		};
		964E0B6A208B9281001328FF /* Release */ = {
			isa = XCBuildConfiguration;
			buildSettings = {
				ALWAYS_SEARCH_USER_PATHS = NO;
				CLANG_ANALYZER_NONNULL = YES;
				CLANG_ANALYZER_NUMBER_OBJECT_CONVERSION = YES_AGGRESSIVE;
				CLANG_CXX_LANGUAGE_STANDARD = "gnu++14";
				CLANG_CXX_LIBRARY = "libc++";
				CLANG_ENABLE_MODULES = YES;
				CLANG_ENABLE_OBJC_ARC = YES;
				CLANG_WARN_BLOCK_CAPTURE_AUTORELEASING = YES;
				CLANG_WARN_BOOL_CONVERSION = YES;
				CLANG_WARN_COMMA = YES;
				CLANG_WARN_CONSTANT_CONVERSION = YES;
				CLANG_WARN_DIRECT_OBJC_ISA_USAGE = YES_ERROR;
				CLANG_WARN_DOCUMENTATION_COMMENTS = YES;
				CLANG_WARN_EMPTY_BODY = YES;
				CLANG_WARN_ENUM_CONVERSION = YES;
				CLANG_WARN_INFINITE_RECURSION = YES;
				CLANG_WARN_INT_CONVERSION = YES;
				CLANG_WARN_NON_LITERAL_NULL_CONVERSION = YES;
				CLANG_WARN_OBJC_LITERAL_CONVERSION = YES;
				CLANG_WARN_OBJC_ROOT_CLASS = YES_ERROR;
				CLANG_WARN_RANGE_LOOP_ANALYSIS = YES;
				CLANG_WARN_STRICT_PROTOTYPES = YES;
				CLANG_WARN_SUSPICIOUS_MOVE = YES;
				CLANG_WARN_UNGUARDED_AVAILABILITY = YES_AGGRESSIVE;
				CLANG_WARN_UNREACHABLE_CODE = YES;
				CLANG_WARN__DUPLICATE_METHOD_MATCH = YES;
				CODE_SIGN_IDENTITY = "iPhone Developer";
				COPY_PHASE_STRIP = NO;
				CURRENT_PROJECT_VERSION = 1;
				DEBUG_INFORMATION_FORMAT = "dwarf-with-dsym";
				ENABLE_NS_ASSERTIONS = NO;
				ENABLE_STRICT_OBJC_MSGSEND = YES;
				GCC_C_LANGUAGE_STANDARD = gnu11;
				GCC_NO_COMMON_BLOCKS = YES;
				GCC_WARN_64_TO_32_BIT_CONVERSION = YES;
				GCC_WARN_ABOUT_RETURN_TYPE = YES_ERROR;
				GCC_WARN_UNDECLARED_SELECTOR = YES;
				GCC_WARN_UNINITIALIZED_AUTOS = YES_AGGRESSIVE;
				GCC_WARN_UNUSED_FUNCTION = YES;
				GCC_WARN_UNUSED_VARIABLE = YES;
				IPHONEOS_DEPLOYMENT_TARGET = 11.2;
				MTL_ENABLE_DEBUG_INFO = NO;
				SDKROOT = iphoneos;
				SWIFT_OPTIMIZATION_LEVEL = "-Owholemodule";
				VALIDATE_PRODUCT = YES;
				VERSIONING_SYSTEM = "apple-generic";
				VERSION_INFO_PREFIX = "";
			};
			name = Release;
		};
		964E0B6C208B9281001328FF /* Debug */ = {
			isa = XCBuildConfiguration;
			buildSettings = {
				CLANG_ENABLE_MODULES = YES;
				CODE_SIGN_IDENTITY = "";
				CODE_SIGN_STYLE = Automatic;
				DEFINES_MODULE = YES;
				DEVELOPMENT_TEAM = 9Z76XCNLGL;
				DYLIB_COMPATIBILITY_VERSION = 1;
				DYLIB_CURRENT_VERSION = 1;
				DYLIB_INSTALL_NAME_BASE = "@rpath";
				INFOPLIST_FILE = Sources/Info.plist;
				INSTALL_PATH = "$(LOCAL_LIBRARY_DIR)/Frameworks";
				LD_RUNPATH_SEARCH_PATHS = "$(inherited) @executable_path/Frameworks @loader_path/Frameworks";
				PRODUCT_BUNDLE_IDENTIFIER = com.cosmicmind.Flux;
				PRODUCT_NAME = MaterialX;
				SKIP_INSTALL = YES;
				SWIFT_OPTIMIZATION_LEVEL = "-Onone";
				SWIFT_VERSION = 4.0;
				TARGETED_DEVICE_FAMILY = "1,2";
			};
			name = Debug;
		};
		964E0B6D208B9281001328FF /* Release */ = {
			isa = XCBuildConfiguration;
			buildSettings = {
				CLANG_ENABLE_MODULES = YES;
				CODE_SIGN_IDENTITY = "";
				CODE_SIGN_STYLE = Automatic;
				DEFINES_MODULE = YES;
				DEVELOPMENT_TEAM = 9Z76XCNLGL;
				DYLIB_COMPATIBILITY_VERSION = 1;
				DYLIB_CURRENT_VERSION = 1;
				DYLIB_INSTALL_NAME_BASE = "@rpath";
				INFOPLIST_FILE = Sources/Info.plist;
				INSTALL_PATH = "$(LOCAL_LIBRARY_DIR)/Frameworks";
				LD_RUNPATH_SEARCH_PATHS = "$(inherited) @executable_path/Frameworks @loader_path/Frameworks";
				PRODUCT_BUNDLE_IDENTIFIER = com.cosmicmind.Flux;
				PRODUCT_NAME = MaterialX;
				SKIP_INSTALL = YES;
				SWIFT_VERSION = 4.0;
				TARGETED_DEVICE_FAMILY = "1,2";
			};
			name = Release;
		};
		964E0B6F208B9281001328FF /* Debug */ = {
			isa = XCBuildConfiguration;
			buildSettings = {
				ALWAYS_EMBED_SWIFT_STANDARD_LIBRARIES = YES;
				CODE_SIGN_STYLE = Automatic;
				DEVELOPMENT_TEAM = "";
				INFOPLIST_FILE = Tests/Info.plist;
				LD_RUNPATH_SEARCH_PATHS = "$(inherited) @executable_path/Frameworks @loader_path/Frameworks";
				PRODUCT_BUNDLE_IDENTIFIER = com.cosmicmind.FluxTests;
				PRODUCT_NAME = "$(TARGET_NAME)";
				SWIFT_VERSION = 4.0;
				TARGETED_DEVICE_FAMILY = "1,2";
			};
			name = Debug;
		};
		964E0B70208B9281001328FF /* Release */ = {
			isa = XCBuildConfiguration;
			buildSettings = {
				ALWAYS_EMBED_SWIFT_STANDARD_LIBRARIES = YES;
				CODE_SIGN_STYLE = Automatic;
				DEVELOPMENT_TEAM = "";
				INFOPLIST_FILE = Tests/Info.plist;
				LD_RUNPATH_SEARCH_PATHS = "$(inherited) @executable_path/Frameworks @loader_path/Frameworks";
				PRODUCT_BUNDLE_IDENTIFIER = com.cosmicmind.FluxTests;
				PRODUCT_NAME = "$(TARGET_NAME)";
				SWIFT_VERSION = 4.0;
				TARGETED_DEVICE_FAMILY = "1,2";
			};
			name = Release;
		};
		965BBDC3208B958200AC4ED5 /* Debug */ = {
			isa = XCBuildConfiguration;
			buildSettings = {
				CLANG_ENABLE_MODULES = YES;
				CODE_SIGN_IDENTITY = "-";
				CODE_SIGN_STYLE = Automatic;
				COMBINE_HIDPI_IMAGES = YES;
				DEFINES_MODULE = YES;
				DYLIB_COMPATIBILITY_VERSION = 1;
				DYLIB_CURRENT_VERSION = 1;
				DYLIB_INSTALL_NAME_BASE = "@rpath";
				FRAMEWORK_VERSION = A;
				INFOPLIST_FILE = Sources/Info.plist;
				INSTALL_PATH = "$(LOCAL_LIBRARY_DIR)/Frameworks";
				LD_RUNPATH_SEARCH_PATHS = "$(inherited) @executable_path/../Frameworks @loader_path/Frameworks";
				MACOSX_DEPLOYMENT_TARGET = 10.13;
				PRODUCT_BUNDLE_IDENTIFIER = com.cosmicmind.Flux;
				PRODUCT_NAME = MaterialX;
				SDKROOT = macosx;
				SKIP_INSTALL = YES;
				SWIFT_OPTIMIZATION_LEVEL = "-Onone";
				SWIFT_VERSION = 4.0;
			};
			name = Debug;
		};
		965BBDC4208B958200AC4ED5 /* Release */ = {
			isa = XCBuildConfiguration;
			buildSettings = {
				CLANG_ENABLE_MODULES = YES;
				CODE_SIGN_IDENTITY = "-";
				CODE_SIGN_STYLE = Automatic;
				COMBINE_HIDPI_IMAGES = YES;
				DEFINES_MODULE = YES;
				DYLIB_COMPATIBILITY_VERSION = 1;
				DYLIB_CURRENT_VERSION = 1;
				DYLIB_INSTALL_NAME_BASE = "@rpath";
				FRAMEWORK_VERSION = A;
				INFOPLIST_FILE = Sources/Info.plist;
				INSTALL_PATH = "$(LOCAL_LIBRARY_DIR)/Frameworks";
				LD_RUNPATH_SEARCH_PATHS = "$(inherited) @executable_path/../Frameworks @loader_path/Frameworks";
				MACOSX_DEPLOYMENT_TARGET = 10.13;
				PRODUCT_BUNDLE_IDENTIFIER = com.cosmicmind.Flux;
				PRODUCT_NAME = MaterialX;
				SDKROOT = macosx;
				SKIP_INSTALL = YES;
				SWIFT_VERSION = 4.0;
			};
			name = Release;
		};
		965BBDC6208B958200AC4ED5 /* Debug */ = {
			isa = XCBuildConfiguration;
			buildSettings = {
				ALWAYS_EMBED_SWIFT_STANDARD_LIBRARIES = YES;
				CODE_SIGN_IDENTITY = "-";
				CODE_SIGN_STYLE = Automatic;
				COMBINE_HIDPI_IMAGES = YES;
				INFOPLIST_FILE = Tests/Info.plist;
				LD_RUNPATH_SEARCH_PATHS = "$(inherited) @executable_path/../Frameworks @loader_path/../Frameworks";
				MACOSX_DEPLOYMENT_TARGET = 10.13;
				PRODUCT_BUNDLE_IDENTIFIER = com.cosmicmind.FluxTests;
				PRODUCT_NAME = "$(TARGET_NAME)";
				SDKROOT = macosx;
				SWIFT_VERSION = 4.0;
			};
			name = Debug;
		};
		965BBDC7208B958200AC4ED5 /* Release */ = {
			isa = XCBuildConfiguration;
			buildSettings = {
				ALWAYS_EMBED_SWIFT_STANDARD_LIBRARIES = YES;
				CODE_SIGN_IDENTITY = "-";
				CODE_SIGN_STYLE = Automatic;
				COMBINE_HIDPI_IMAGES = YES;
				INFOPLIST_FILE = Tests/Info.plist;
				LD_RUNPATH_SEARCH_PATHS = "$(inherited) @executable_path/../Frameworks @loader_path/../Frameworks";
				MACOSX_DEPLOYMENT_TARGET = 10.13;
				PRODUCT_BUNDLE_IDENTIFIER = com.cosmicmind.FluxTests;
				PRODUCT_NAME = "$(TARGET_NAME)";
				SDKROOT = macosx;
				SWIFT_VERSION = 4.0;
			};
			name = Release;
		};
/* End XCBuildConfiguration section */

/* Begin XCConfigurationList section */
		964E0B51208B9280001328FF /* Build configuration list for PBXProject "MaterialX" */ = {
			isa = XCConfigurationList;
			buildConfigurations = (
				964E0B69208B9281001328FF /* Debug */,
				964E0B6A208B9281001328FF /* Release */,
			);
			defaultConfigurationIsVisible = 0;
			defaultConfigurationName = Release;
		};
		964E0B6B208B9281001328FF /* Build configuration list for PBXNativeTarget "MaterialX iOS" */ = {
			isa = XCConfigurationList;
			buildConfigurations = (
				964E0B6C208B9281001328FF /* Debug */,
				964E0B6D208B9281001328FF /* Release */,
			);
			defaultConfigurationIsVisible = 0;
			defaultConfigurationName = Release;
		};
		964E0B6E208B9281001328FF /* Build configuration list for PBXNativeTarget "MaterialX iOS Tests" */ = {
			isa = XCConfigurationList;
			buildConfigurations = (
				964E0B6F208B9281001328FF /* Debug */,
				964E0B70208B9281001328FF /* Release */,
			);
			defaultConfigurationIsVisible = 0;
			defaultConfigurationName = Release;
		};
		965BBDC2208B958200AC4ED5 /* Build configuration list for PBXNativeTarget "MaterialX macOS" */ = {
			isa = XCConfigurationList;
			buildConfigurations = (
				965BBDC3208B958200AC4ED5 /* Debug */,
				965BBDC4208B958200AC4ED5 /* Release */,
			);
			defaultConfigurationIsVisible = 0;
			defaultConfigurationName = Release;
		};
		965BBDC5208B958200AC4ED5 /* Build configuration list for PBXNativeTarget "MaterialX macOS Tests" */ = {
			isa = XCConfigurationList;
			buildConfigurations = (
				965BBDC6208B958200AC4ED5 /* Debug */,
				965BBDC7208B958200AC4ED5 /* Release */,
			);
			defaultConfigurationIsVisible = 0;
			defaultConfigurationName = Release;
		};
/* End XCConfigurationList section */
	};
	rootObject = 964E0B4E208B9280001328FF /* Project object */;
}
